lockfileVersion: '9.0'

settings:
  autoInstallPeers: true
  excludeLinksFromLockfile: false

importers:
  .:
    devDependencies:
      prettier:
        specifier: ^3.3.0
        version: 3.9.6
      typescript:
        specifier: ^5.5.0
        version: 5.9.3

  apps/api: {}

  apps/desktop: {}

  apps/ipad: {}

  apps/marketing: {}

  apps/web: {}

  packages/arqscript: {}

  packages/bim-core: {}

  packages/collaboration: {}

  packages/design-system: {}

  packages/dxf-adapter: {}

  packages/editor-shell: {}

  packages/file-formats: {}

  packages/geometry-core: {}

  packages/geometry-occt: {}

  packages/ifc-adapter: {}

  packages/renderer: {}

  packages/telemetry: {}

  packages/test-models: {}

  packages/validation: {}

  services/ai-orchestrator: {}

  services/collaboration-service: {}

  services/export-service: {}

  services/geometry-service: {}

  services/model-service: {}

  services/thumbnail-service: {}

packages:
  prettier@3.9.6:
    resolution:
      {
        integrity: sha512-OpN0zzVdiaiAhxpuuj5efpIS4sY9j7bY6uR5mnj5yPzGkdkjNKSJeUThPb60Jw29QuAZgA4o+/iB49kFiaBX6g==,
      }
    engines: { node: '>=14' }
    hasBin: true

  typescript@5.9.3:
    resolution:
      {
        integrity: sha512-jl1vZzPDinLr9eUt3J/t7V6FgNEw9QjvBPdysz9KfQDD41fQrC2Y4vKQdiaUpFT4bXlb1RHhLpp8wtm6M5TgSw==,
      }
    engines: { node: '>=14.17' }
    hasBin: true

snapshots:
  prettier@3.9.6: {}

  typescript@5.9.3: {}
